PODS:
  - Alamofire (5.5.0)
  - Kingfisher (7.2.0)

DEPENDENCIES:
  - Alamofire
  - Kingfisher

SPEC REPOS:
  trunk:
    - Alamofire
    - Kingfisher

SPEC CHECKSUMS:
  Alamofire: 1c4fb5369c3fe93d2857c780d8bbe09f06f97e7c
  Kingfisher: 3ac0b75b155cabc0e544877d1a4deea29feece92

PODFILE CHECKSUM: e584639d38567258e4f8e290559d5a6cd7d74564

COCOAPODS: 1.11.3
