// !$*UTF8*$!
{
	archiveVersion = 1;
	classes = {
	};
	objectVersion = 55;
	objects = {

/* Begin PBXBuildFile section */
		08B634CEBAA164F853728EFC /* Pods_BETVICTORTech.framework in Frameworks */ = {isa = PBXBuildFile; fileRef = 1C1957B577F199848616A811 /* Pods_BETVICTORTech.framework */; };
		20743EFF27E3BF820062733E /* AppDelegate.swift in Sources */ = {isa = PBXBuildFile; fileRef = 20743EFE27E3BF820062733E /* AppDelegate.swift */; };
		20743F1627E3BF830062733E /* BETVICTORTechTests.swift in Sources */ = {isa = PBXBuildFile; fileRef = 20743F1527E3BF830062733E /* BETVICTORTechTests.swift */; };
		20743F2027E3BF830062733E /* BETVICTORTechUITests.swift in Sources */ = {isa = PBXBuildFile; fileRef = 20743F1F27E3BF830062733E /* BETVICTORTechUITests.swift */; };
		20743F2227E3BF830062733E /* BETVICTORTechUITestsLaunchTests.swift in Sources */ = {isa = PBXBuildFile; fileRef = 20743F2127E3BF830062733E /* BETVICTORTechUITestsLaunchTests.swift */; };
		20743F6E27E3BFF90062733E /* SplashViewController.swift in Sources */ = {isa = PBXBuildFile; fileRef = 20743F3627E3BFF90062733E /* SplashViewController.swift */; };
		20743F6F27E3BFF90062733E /* Main.storyboard in Resources */ = {isa = PBXBuildFile; fileRef = 20743F3727E3BFF90062733E /* Main.storyboard */; };
		20743F7027E3BFF90062733E /* SplashPresenter.swift in Sources */ = {isa = PBXBuildFile; fileRef = 20743F3827E3BFF90062733E /* SplashPresenter.swift */; };
		20743F7127E3BFF90062733E /* TweetListTableViewCell.swift in Sources */ = {isa = PBXBuildFile; fileRef = 20743F3A27E3BFF90062733E /* TweetListTableViewCell.swift */; };
		20743F7227E3BFF90062733E /* TweetListPresenter.swift in Sources */ = {isa = PBXBuildFile; fileRef = 20743F3B27E3BFF90062733E /* TweetListPresenter.swift */; };
		20743F7327E3BFF90062733E /* TweetListViewController.swift in Sources */ = {isa = PBXBuildFile; fileRef = 20743F3C27E3BFF90062733E /* TweetListViewController.swift */; };
		20743F7427E3BFF90062733E /* Tweets.storyboard in Resources */ = {isa = PBXBuildFile; fileRef = 20743F3D27E3BFF90062733E /* Tweets.storyboard */; };
		20743F7527E3BFF90062733E /* Navigator.swift in Sources */ = {isa = PBXBuildFile; fileRef = 20743F3E27E3BFF90062733E /* Navigator.swift */; };
		20743F7627E3BFF90062733E /* TweetViewModel.swift in Sources */ = {isa = PBXBuildFile; fileRef = 20743F3F27E3BFF90062733E /* TweetViewModel.swift */; };
		20743F7727E3BFF90062733E /* BETVICTORAssets.xcassets in Resources */ = {isa = PBXBuildFile; fileRef = 20743F4127E3BFF90062733E /* BETVICTORAssets.xcassets */; };
		20743F7827E3BFF90062733E /* Repository.swift in Sources */ = {isa = PBXBuildFile; fileRef = 20743F4427E3BFF90062733E /* Repository.swift */; };
		20743F7A27E3BFF90062733E /* Tweet.swift in Sources */ = {isa = PBXBuildFile; fileRef = 20743F4727E3BFF90062733E /* Tweet.swift */; };
		20743F7B27E3BFF90062733E /* BETVICTORError.swift in Sources */ = {isa = PBXBuildFile; fileRef = 20743F4927E3BFF90062733E /* BETVICTORError.swift */; };
		20743F7C27E3BFF90062733E /* CommonError.swift in Sources */ = {isa = PBXBuildFile; fileRef = 20743F4A27E3BFF90062733E /* CommonError.swift */; };
		20743F7D27E3BFF90062733E /* UseCaseType.swift in Sources */ = {isa = PBXBuildFile; fileRef = 20743F4C27E3BFF90062733E /* UseCaseType.swift */; };
		20743F7E27E3BFF90062733E /* UseCaseProvider.swift in Sources */ = {isa = PBXBuildFile; fileRef = 20743F4D27E3BFF90062733E /* UseCaseProvider.swift */; };
		20743F7F27E3BFF90062733E /* UseCase.swift in Sources */ = {isa = PBXBuildFile; fileRef = 20743F4E27E3BFF90062733E /* UseCase.swift */; };
		20743F8327E3BFF90062733E /* NavigatorProvider.swift in Sources */ = {isa = PBXBuildFile; fileRef = 20743F5427E3BFF90062733E /* NavigatorProvider.swift */; };
		20743F8427E3BFF90062733E /* Reusable.swift in Sources */ = {isa = PBXBuildFile; fileRef = 20743F5527E3BFF90062733E /* Reusable.swift */; };
		20743F8527E3BFF90062733E /* String+Extension.swift in Sources */ = {isa = PBXBuildFile; fileRef = 20743F5727E3BFF90062733E /* String+Extension.swift */; };
		20743F8627E3BFF90062733E /* ViewController+Extension.swift in Sources */ = {isa = PBXBuildFile; fileRef = 20743F5827E3BFF90062733E /* ViewController+Extension.swift */; };
		20743F8727E3BFF90062733E /* RepositoryProvider.swift in Sources */ = {isa = PBXBuildFile; fileRef = 20743F5C27E3BFF90062733E /* RepositoryProvider.swift */; };
		20743F8827E3BFF90062733E /* RepositoryImp.swift in Sources */ = {isa = PBXBuildFile; fileRef = 20743F5D27E3BFF90062733E /* RepositoryImp.swift */; };
		20743F8927E3BFF90062733E /* Network.swift in Sources */ = {isa = PBXBuildFile; fileRef = 20743F5F27E3BFF90062733E /* Network.swift */; };
		20743F8A27E3BFF90062733E /* NetworkProvider.swift in Sources */ = {isa = PBXBuildFile; fileRef = 20743F6027E3BFF90062733E /* NetworkProvider.swift */; };
		20743F8B27E3BFF90062733E /* NetworkImp.swift in Sources */ = {isa = PBXBuildFile; fileRef = 20743F6227E3BFF90062733E /* NetworkImp.swift */; };
		20743F8C27E3BFF90062733E /* UseCaseNetworkType.swift in Sources */ = {isa = PBXBuildFile; fileRef = 20743F6327E3BFF90062733E /* UseCaseNetworkType.swift */; };
		20743F8D27E3BFF90062733E /* UseCaseImp.swift in Sources */ = {isa = PBXBuildFile; fileRef = 20743F6527E3BFF90062733E /* UseCaseImp.swift */; };
		20743F8E27E3BFF90062733E /* NetworkUseCaseProvider.swift in Sources */ = {isa = PBXBuildFile; fileRef = 20743F6627E3BFF90062733E /* NetworkUseCaseProvider.swift */; };
		20743F8F27E3BFF90062733E /* Application.swift in Sources */ = {isa = PBXBuildFile; fileRef = 20743F6827E3BFF90062733E /* Application.swift */; };
		20AF743027E4E100007808BD /* EmptyView.swift in Sources */ = {isa = PBXBuildFile; fileRef = 20AF742527E4E100007808BD /* EmptyView.swift */; };
		20AF743127E4E100007808BD /* EmptyViewModel.swift in Sources */ = {isa = PBXBuildFile; fileRef = 20AF742627E4E100007808BD /* EmptyViewModel.swift */; };
		20AF743227E4E100007808BD /* ErrorViewModel.swift in Sources */ = {isa = PBXBuildFile; fileRef = 20AF742827E4E100007808BD /* ErrorViewModel.swift */; };
		20AF743327E4E100007808BD /* ErrorView.swift in Sources */ = {isa = PBXBuildFile; fileRef = 20AF742927E4E100007808BD /* ErrorView.swift */; };
		20AF743427E4E100007808BD /* BasePaginationPresenter.swift in Sources */ = {isa = PBXBuildFile; fileRef = 20AF742B27E4E100007808BD /* BasePaginationPresenter.swift */; };
		20AF743527E4E100007808BD /* BaseViewModel.swift in Sources */ = {isa = PBXBuildFile; fileRef = 20AF742C27E4E100007808BD /* BaseViewModel.swift */; };
		20AF743627E4E100007808BD /* BasePaginationTableViewCell.swift in Sources */ = {isa = PBXBuildFile; fileRef = 20AF742D27E4E100007808BD /* BasePaginationTableViewCell.swift */; };
		20AF743727E4E100007808BD /* BasePaginationViewController.swift in Sources */ = {isa = PBXBuildFile; fileRef = 20AF742E27E4E100007808BD /* BasePaginationViewController.swift */; };
		20AF743827E4E100007808BD /* BaseNavigator.swift in Sources */ = {isa = PBXBuildFile; fileRef = 20AF742F27E4E100007808BD /* BaseNavigator.swift */; };
		20AF743A27E4E443007808BD /* PaginationResult.swift in Sources */ = {isa = PBXBuildFile; fileRef = 20AF743927E4E443007808BD /* PaginationResult.swift */; };
		20AF743C27E4E507007808BD /* BasePresenter.swift in Sources */ = {isa = PBXBuildFile; fileRef = 20AF743B27E4E507007808BD /* BasePresenter.swift */; };
		20AF743E27E5C658007808BD /* BaseViewController.swift in Sources */ = {isa = PBXBuildFile; fileRef = 20AF743D27E5C658007808BD /* BaseViewController.swift */; };
		20AF744527E5EC0C007808BD /* GetTweetsParams.swift in Sources */ = {isa = PBXBuildFile; fileRef = 20AF744427E5EC0C007808BD /* GetTweetsParams.swift */; };
		20AF744727E5F058007808BD /* User.swift in Sources */ = {isa = PBXBuildFile; fileRef = 20AF744627E5F058007808BD /* User.swift */; };
		36A9D1DDB25CB40A2E23D0EB /* Pods_BETVICTORTechTests.framework in Frameworks */ = {isa = PBXBuildFile; fileRef = A87A98A856C80EA2C8662238 /* Pods_BETVICTORTechTests.framework */; };
		506C8F46D32BDFF943BF9E3F /* Pods_BETVICTORTech_BETVICTORTechUITests.framework in Frameworks */ = {isa = PBXBuildFile; fileRef = A443529C64DF2EC2A85E1C33 /* Pods_BETVICTORTech_BETVICTORTechUITests.framework */; };
/* End PBXBuildFile section */

/* Begin PBXContainerItemProxy section */
		20743F1227E3BF830062733E /* PBXContainerItemProxy */ = {
			isa = PBXContainerItemProxy;
			containerPortal = 20743EF327E3BF810062733E /* Project object */;
			proxyType = 1;
			remoteGlobalIDString = 20743EFA27E3BF810062733E;
			remoteInfo = BETVICTORTech;
		};
		20743F1C27E3BF830062733E /* PBXContainerItemProxy */ = {
			isa = PBXContainerItemProxy;
			containerPortal = 20743EF327E3BF810062733E /* Project object */;
			proxyType = 1;
			remoteGlobalIDString = 20743EFA27E3BF810062733E;
			remoteInfo = BETVICTORTech;
		};
/* End PBXContainerItemProxy section */

/* Begin PBXFileReference section */
		10D6EC0C786DA606C5E09075 /* Pods-BETVICTORTechTests.release.xcconfig */ = {isa = PBXFileReference; includeInIndex = 1; lastKnownFileType = text.xcconfig; name = "Pods-BETVICTORTechTests.release.xcconfig"; path = "Target Support Files/Pods-BETVICTORTechTests/Pods-BETVICTORTechTests.release.xcconfig"; sourceTree = "<group>"; };
		1C1957B577F199848616A811 /* Pods_BETVICTORTech.framework */ = {isa = PBXFileReference; explicitFileType = wrapper.framework; includeInIndex = 0; path = Pods_BETVICTORTech.framework; sourceTree = BUILT_PRODUCTS_DIR; };
		20743EFB27E3BF810062733E /* BETVICTORTech.app */ = {isa = PBXFileReference; explicitFileType = wrapper.application; includeInIndex = 0; path = BETVICTORTech.app; sourceTree = BUILT_PRODUCTS_DIR; };
		20743EFE27E3BF820062733E /* AppDelegate.swift */ = {isa = PBXFileReference; lastKnownFileType = sourcecode.swift; path = AppDelegate.swift; sourceTree = "<group>"; };
		20743F0C27E3BF830062733E /* Info.plist */ = {isa = PBXFileReference; lastKnownFileType = text.plist.xml; path = Info.plist; sourceTree = "<group>"; };
		20743F1127E3BF830062733E /* BETVICTORTechTests.xctest */ = {isa = PBXFileReference; explicitFileType = wrapper.cfbundle; includeInIndex = 0; path = BETVICTORTechTests.xctest; sourceTree = BUILT_PRODUCTS_DIR; };
		20743F1527E3BF830062733E /* BETVICTORTechTests.swift */ = {isa = PBXFileReference; lastKnownFileType = sourcecode.swift; path = BETVICTORTechTests.swift; sourceTree = "<group>"; };
		20743F1B27E3BF830062733E /* BETVICTORTechUITests.xctest */ = {isa = PBXFileReference; explicitFileType = wrapper.cfbundle; includeInIndex = 0; path = BETVICTORTechUITests.xctest; sourceTree = BUILT_PRODUCTS_DIR; };
		20743F1F27E3BF830062733E /* BETVICTORTechUITests.swift */ = {isa = PBXFileReference; lastKnownFileType = sourcecode.swift; path = BETVICTORTechUITests.swift; sourceTree = "<group>"; };
		20743F2127E3BF830062733E /* BETVICTORTechUITestsLaunchTests.swift */ = {isa = PBXFileReference; lastKnownFileType = sourcecode.swift; path = BETVICTORTechUITestsLaunchTests.swift; sourceTree = "<group>"; };
		20743F3627E3BFF90062733E /* SplashViewController.swift */ = {isa = PBXFileReference; fileEncoding = 4; lastKnownFileType = sourcecode.swift; path = SplashViewController.swift; sourceTree = "<group>"; };
		20743F3727E3BFF90062733E /* Main.storyboard */ = {isa = PBXFileReference; fileEncoding = 4; lastKnownFileType = file.storyboard; path = Main.storyboard; sourceTree = "<group>"; };
		20743F3827E3BFF90062733E /* SplashPresenter.swift */ = {isa = PBXFileReference; fileEncoding = 4; lastKnownFileType = sourcecode.swift; path = SplashPresenter.swift; sourceTree = "<group>"; };
		20743F3A27E3BFF90062733E /* TweetListTableViewCell.swift */ = {isa = PBXFileReference; fileEncoding = 4; lastKnownFileType = sourcecode.swift; path = TweetListTableViewCell.swift; sourceTree = "<group>"; };
		20743F3B27E3BFF90062733E /* TweetListPresenter.swift */ = {isa = PBXFileReference; fileEncoding = 4; lastKnownFileType = sourcecode.swift; path = TweetListPresenter.swift; sourceTree = "<group>"; };
		20743F3C27E3BFF90062733E /* TweetListViewController.swift */ = {isa = PBXFileReference; fileEncoding = 4; lastKnownFileType = sourcecode.swift; path = TweetListViewController.swift; sourceTree = "<group>"; };
		20743F3D27E3BFF90062733E /* Tweets.storyboard */ = {isa = PBXFileReference; fileEncoding = 4; lastKnownFileType = file.storyboard; path = Tweets.storyboard; sourceTree = "<group>"; };
		20743F3E27E3BFF90062733E /* Navigator.swift */ = {isa = PBXFileReference; fileEncoding = 4; lastKnownFileType = sourcecode.swift; path = Navigator.swift; sourceTree = "<group>"; };
		20743F3F27E3BFF90062733E /* TweetViewModel.swift */ = {isa = PBXFileReference; fileEncoding = 4; lastKnownFileType = sourcecode.swift; path = TweetViewModel.swift; sourceTree = "<group>"; };
		20743F4127E3BFF90062733E /* BETVICTORAssets.xcassets */ = {isa = PBXFileReference; lastKnownFileType = folder.assetcatalog; path = BETVICTORAssets.xcassets; sourceTree = "<group>"; };
		20743F4427E3BFF90062733E /* Repository.swift */ = {isa = PBXFileReference; fileEncoding = 4; lastKnownFileType = sourcecode.swift; path = Repository.swift; sourceTree = "<group>"; };
		20743F4727E3BFF90062733E /* Tweet.swift */ = {isa = PBXFileReference; fileEncoding = 4; lastKnownFileType = sourcecode.swift; path = Tweet.swift; sourceTree = "<group>"; };
		20743F4927E3BFF90062733E /* BETVICTORError.swift */ = {isa = PBXFileReference; fileEncoding = 4; lastKnownFileType = sourcecode.swift; path = BETVICTORError.swift; sourceTree = "<group>"; };
		20743F4A27E3BFF90062733E /* CommonError.swift */ = {isa = PBXFileReference; fileEncoding = 4; lastKnownFileType = sourcecode.swift; path = CommonError.swift; sourceTree = "<group>"; };
		20743F4C27E3BFF90062733E /* UseCaseType.swift */ = {isa = PBXFileReference; fileEncoding = 4; lastKnownFileType = sourcecode.swift; path = UseCaseType.swift; sourceTree = "<group>"; };
		20743F4D27E3BFF90062733E /* UseCaseProvider.swift */ = {isa = PBXFileReference; fileEncoding = 4; lastKnownFileType = sourcecode.swift; path = UseCaseProvider.swift; sourceTree = "<group>"; };
		20743F4E27E3BFF90062733E /* UseCase.swift */ = {isa = PBXFileReference; fileEncoding = 4; lastKnownFileType = sourcecode.swift; path = UseCase.swift; sourceTree = "<group>"; };
		20743F5427E3BFF90062733E /* NavigatorProvider.swift */ = {isa = PBXFileReference; fileEncoding = 4; lastKnownFileType = sourcecode.swift; path = NavigatorProvider.swift; sourceTree = "<group>"; };
		20743F5527E3BFF90062733E /* Reusable.swift */ = {isa = PBXFileReference; fileEncoding = 4; lastKnownFileType = sourcecode.swift; path = Reusable.swift; sourceTree = "<group>"; };
		20743F5727E3BFF90062733E /* String+Extension.swift */ = {isa = PBXFileReference; fileEncoding = 4; lastKnownFileType = sourcecode.swift; path = "String+Extension.swift"; sourceTree = "<group>"; };
		20743F5827E3BFF90062733E /* ViewController+Extension.swift */ = {isa = PBXFileReference; fileEncoding = 4; lastKnownFileType = sourcecode.swift; path = "ViewController+Extension.swift"; sourceTree = "<group>"; };
		20743F5C27E3BFF90062733E /* RepositoryProvider.swift */ = {isa = PBXFileReference; fileEncoding = 4; lastKnownFileType = sourcecode.swift; path = RepositoryProvider.swift; sourceTree = "<group>"; };
		20743F5D27E3BFF90062733E /* RepositoryImp.swift */ = {isa = PBXFileReference; fileEncoding = 4; lastKnownFileType = sourcecode.swift; path = RepositoryImp.swift; sourceTree = "<group>"; };
		20743F5F27E3BFF90062733E /* Network.swift */ = {isa = PBXFileReference; fileEncoding = 4; lastKnownFileType = sourcecode.swift; path = Network.swift; sourceTree = "<group>"; };
		20743F6027E3BFF90062733E /* NetworkProvider.swift */ = {isa = PBXFileReference; fileEncoding = 4; lastKnownFileType = sourcecode.swift; path = NetworkProvider.swift; sourceTree = "<group>"; };
		20743F6227E3BFF90062733E /* NetworkImp.swift */ = {isa = PBXFileReference; fileEncoding = 4; lastKnownFileType = sourcecode.swift; path = NetworkImp.swift; sourceTree = "<group>"; };
		20743F6327E3BFF90062733E /* UseCaseNetworkType.swift */ = {isa = PBXFileReference; fileEncoding = 4; lastKnownFileType = sourcecode.swift; path = UseCaseNetworkType.swift; sourceTree = "<group>"; };
		20743F6527E3BFF90062733E /* UseCaseImp.swift */ = {isa = PBXFileReference; fileEncoding = 4; lastKnownFileType = sourcecode.swift; path = UseCaseImp.swift; sourceTree = "<group>"; };
		20743F6627E3BFF90062733E /* NetworkUseCaseProvider.swift */ = {isa = PBXFileReference; fileEncoding = 4; lastKnownFileType = sourcecode.swift; path = NetworkUseCaseProvider.swift; sourceTree = "<group>"; };
		20743F6827E3BFF90062733E /* Application.swift */ = {isa = PBXFileReference; fileEncoding = 4; lastKnownFileType = sourcecode.swift; path = Application.swift; sourceTree = "<group>"; };
		20AF742527E4E100007808BD /* EmptyView.swift */ = {isa = PBXFileReference; fileEncoding = 4; lastKnownFileType = sourcecode.swift; path = EmptyView.swift; sourceTree = "<group>"; };
		20AF742627E4E100007808BD /* EmptyViewModel.swift */ = {isa = PBXFileReference; fileEncoding = 4; lastKnownFileType = sourcecode.swift; path = EmptyViewModel.swift; sourceTree = "<group>"; };
		20AF742827E4E100007808BD /* ErrorViewModel.swift */ = {isa = PBXFileReference; fileEncoding = 4; lastKnownFileType = sourcecode.swift; path = ErrorViewModel.swift; sourceTree = "<group>"; };
		20AF742927E4E100007808BD /* ErrorView.swift */ = {isa = PBXFileReference; fileEncoding = 4; lastKnownFileType = sourcecode.swift; path = ErrorView.swift; sourceTree = "<group>"; };
		20AF742B27E4E100007808BD /* BasePaginationPresenter.swift */ = {isa = PBXFileReference; fileEncoding = 4; lastKnownFileType = sourcecode.swift; path = BasePaginationPresenter.swift; sourceTree = "<group>"; };
		20AF742C27E4E100007808BD /* BaseViewModel.swift */ = {isa = PBXFileReference; fileEncoding = 4; lastKnownFileType = sourcecode.swift; path = BaseViewModel.swift; sourceTree = "<group>"; };
		20AF742D27E4E100007808BD /* BasePaginationTableViewCell.swift */ = {isa = PBXFileReference; fileEncoding = 4; lastKnownFileType = sourcecode.swift; path = BasePaginationTableViewCell.swift; sourceTree = "<group>"; };
		20AF742E27E4E100007808BD /* BasePaginationViewController.swift */ = {isa = PBXFileReference; fileEncoding = 4; lastKnownFileType = sourcecode.swift; path = BasePaginationViewController.swift; sourceTree = "<group>"; };
		20AF742F27E4E100007808BD /* BaseNavigator.swift */ = {isa = PBXFileReference; fileEncoding = 4; lastKnownFileType = sourcecode.swift; path = BaseNavigator.swift; sourceTree = "<group>"; };
		20AF743927E4E443007808BD /* PaginationResult.swift */ = {isa = PBXFileReference; lastKnownFileType = sourcecode.swift; path = PaginationResult.swift; sourceTree = "<group>"; };
		20AF743B27E4E507007808BD /* BasePresenter.swift */ = {isa = PBXFileReference; lastKnownFileType = sourcecode.swift; path = BasePresenter.swift; sourceTree = "<group>"; };
		20AF743D27E5C658007808BD /* BaseViewController.swift */ = {isa = PBXFileReference; lastKnownFileType = sourcecode.swift; path = BaseViewController.swift; sourceTree = "<group>"; };
		20AF744427E5EC0C007808BD /* GetTweetsParams.swift */ = {isa = PBXFileReference; lastKnownFileType = sourcecode.swift; path = GetTweetsParams.swift; sourceTree = "<group>"; };
		20AF744627E5F058007808BD /* User.swift */ = {isa = PBXFileReference; lastKnownFileType = sourcecode.swift; path = User.swift; sourceTree = "<group>"; };
		27DE47CBCBF29B45D01A0CB3 /* Pods-BETVICTORTech.debug.xcconfig */ = {isa = PBXFileReference; includeInIndex = 1; lastKnownFileType = text.xcconfig; name = "Pods-BETVICTORTech.debug.xcconfig"; path = "Target Support Files/Pods-BETVICTORTech/Pods-BETVICTORTech.debug.xcconfig"; sourceTree = "<group>"; };
		38AB8237E076F5A45D936232 /* Pods-BETVICTORTech.release.xcconfig */ = {isa = PBXFileReference; includeInIndex = 1; lastKnownFileType = text.xcconfig; name = "Pods-BETVICTORTech.release.xcconfig"; path = "Target Support Files/Pods-BETVICTORTech/Pods-BETVICTORTech.release.xcconfig"; sourceTree = "<group>"; };
		70DE0CA548DB7802A4CFE479 /* Pods-BETVICTORTech-BETVICTORTechUITests.debug.xcconfig */ = {isa = PBXFileReference; includeInIndex = 1; lastKnownFileType = text.xcconfig; name = "Pods-BETVICTORTech-BETVICTORTechUITests.debug.xcconfig"; path = "Target Support Files/Pods-BETVICTORTech-BETVICTORTechUITests/Pods-BETVICTORTech-BETVICTORTechUITests.debug.xcconfig"; sourceTree = "<group>"; };
		8C31EE69AC6502116B8AECF2 /* Pods-BETVICTORTech-BETVICTORTechUITests.release.xcconfig */ = {isa = PBXFileReference; includeInIndex = 1; lastKnownFileType = text.xcconfig; name = "Pods-BETVICTORTech-BETVICTORTechUITests.release.xcconfig"; path = "Target Support Files/Pods-BETVICTORTech-BETVICTORTechUITests/Pods-BETVICTORTech-BETVICTORTechUITests.release.xcconfig"; sourceTree = "<group>"; };
		A443529C64DF2EC2A85E1C33 /* Pods_BETVICTORTech_BETVICTORTechUITests.framework */ = {isa = PBXFileReference; explicitFileType = wrapper.framework; includeInIndex = 0; path = Pods_BETVICTORTech_BETVICTORTechUITests.framework; sourceTree = BUILT_PRODUCTS_DIR; };
		A87A98A856C80EA2C8662238 /* Pods_BETVICTORTechTests.framework */ = {isa = PBXFileReference; explicitFileType = wrapper.framework; includeInIndex = 0; path = Pods_BETVICTORTechTests.framework; sourceTree = BUILT_PRODUCTS_DIR; };
		AAC5BADC23AE19F2BC4D5733 /* Pods-BETVICTORTechTests.debug.xcconfig */ = {isa = PBXFileReference; includeInIndex = 1; lastKnownFileType = text.xcconfig; name = "Pods-BETVICTORTechTests.debug.xcconfig"; path = "Target Support Files/Pods-BETVICTORTechTests/Pods-BETVICTORTechTests.debug.xcconfig"; sourceTree = "<group>"; };
/* End PBXFileReference section */

/* Begin PBXFrameworksBuildPhase section */
		20743EF827E3BF810062733E /* Frameworks */ = {
			isa = PBXFrameworksBuildPhase;
			buildActionMask = 2147483647;
			files = (
				08B634CEBAA164F853728EFC /* Pods_BETVICTORTech.framework in Frameworks */,
			);
			runOnlyForDeploymentPostprocessing = 0;
		};
		20743F0E27E3BF830062733E /* Frameworks */ = {
			isa = PBXFrameworksBuildPhase;
			buildActionMask = 2147483647;
			files = (
				36A9D1DDB25CB40A2E23D0EB /* Pods_BETVICTORTechTests.framework in Frameworks */,
			);
			runOnlyForDeploymentPostprocessing = 0;
		};
		20743F1827E3BF830062733E /* Frameworks */ = {
			isa = PBXFrameworksBuildPhase;
			buildActionMask = 2147483647;
			files = (
				506C8F46D32BDFF943BF9E3F /* Pods_BETVICTORTech_BETVICTORTechUITests.framework in Frameworks */,
			);
			runOnlyForDeploymentPostprocessing = 0;
		};
/* End PBXFrameworksBuildPhase section */

/* Begin PBXGroup section */
		20743EF227E3BF810062733E = {
			isa = PBXGroup;
			children = (
				20743EFD27E3BF810062733E /* BETVICTORTech */,
				20743F1427E3BF830062733E /* BETVICTORTechTests */,
				20743F1E27E3BF830062733E /* BETVICTORTechUITests */,
				20743EFC27E3BF810062733E /* Products */,
				D71B4E4B5449F812086435C4 /* Pods */,
				4AF9BADC289FED20394D5C85 /* Frameworks */,
			);
			sourceTree = "<group>";
		};
		20743EFC27E3BF810062733E /* Products */ = {
			isa = PBXGroup;
			children = (
				20743EFB27E3BF810062733E /* BETVICTORTech.app */,
				20743F1127E3BF830062733E /* BETVICTORTechTests.xctest */,
				20743F1B27E3BF830062733E /* BETVICTORTechUITests.xctest */,
			);
			name = Products;
			sourceTree = "<group>";
		};
		20743EFD27E3BF810062733E /* BETVICTORTech */ = {
			isa = PBXGroup;
			children = (
				20743F6727E3BFF90062733E /* Application */,
				20743F4227E3BFF90062733E /* Domain */,
				20743F5A27E3BFF90062733E /* Network */,
				20743F2E27E3BFF90062733E /* Presentation */,
				20743F4027E3BFF90062733E /* Resources */,
				20743F4F27E3BFF90062733E /* Utility */,
				20743EFE27E3BF820062733E /* AppDelegate.swift */,
				20743F0C27E3BF830062733E /* Info.plist */,
			);
			path = BETVICTORTech;
			sourceTree = "<group>";
		};
		20743F1427E3BF830062733E /* BETVICTORTechTests */ = {
			isa = PBXGroup;
			children = (
				20743F1527E3BF830062733E /* BETVICTORTechTests.swift */,
			);
			path = BETVICTORTechTests;
			sourceTree = "<group>";
		};
		20743F1E27E3BF830062733E /* BETVICTORTechUITests */ = {
			isa = PBXGroup;
			children = (
				20743F1F27E3BF830062733E /* BETVICTORTechUITests.swift */,
				20743F2127E3BF830062733E /* BETVICTORTechUITestsLaunchTests.swift */,
			);
			path = BETVICTORTechUITests;
			sourceTree = "<group>";
		};
		20743F2E27E3BFF90062733E /* Presentation */ = {
			isa = PBXGroup;
			children = (
				20743F3527E3BFF90062733E /* Splash */,
				20743F3927E3BFF90062733E /* TweetList */,
			);
			path = Presentation;
			sourceTree = "<group>";
		};
		20743F3527E3BFF90062733E /* Splash */ = {
			isa = PBXGroup;
			children = (
				20743F3627E3BFF90062733E /* SplashViewController.swift */,
				20743F3727E3BFF90062733E /* Main.storyboard */,
				20743F3827E3BFF90062733E /* SplashPresenter.swift */,
			);
			path = Splash;
			sourceTree = "<group>";
		};
		20743F3927E3BFF90062733E /* TweetList */ = {
			isa = PBXGroup;
			children = (
				20743F3A27E3BFF90062733E /* TweetListTableViewCell.swift */,
				20743F3B27E3BFF90062733E /* TweetListPresenter.swift */,
				20743F3C27E3BFF90062733E /* TweetListViewController.swift */,
				20743F3D27E3BFF90062733E /* Tweets.storyboard */,
				20743F3E27E3BFF90062733E /* Navigator.swift */,
				20743F3F27E3BFF90062733E /* TweetViewModel.swift */,
			);
			path = TweetList;
			sourceTree = "<group>";
		};
		20743F4027E3BFF90062733E /* Resources */ = {
			isa = PBXGroup;
			children = (
				20743F4127E3BFF90062733E /* BETVICTORAssets.xcassets */,
			);
			path = Resources;
			sourceTree = "<group>";
		};
		20743F4227E3BFF90062733E /* Domain */ = {
			isa = PBXGroup;
			children = (
				20743F4327E3BFF90062733E /* Repository */,
				20743F4527E3BFF90062733E /* Models */,
				20743F4827E3BFF90062733E /* Errors */,
				20743F4B27E3BFF90062733E /* UseCases */,
			);
			path = Domain;
			sourceTree = "<group>";
		};
		20743F4327E3BFF90062733E /* Repository */ = {
			isa = PBXGroup;
			children = (
				20743F4427E3BFF90062733E /* Repository.swift */,
			);
			path = Repository;
			sourceTree = "<group>";
		};
		20743F4527E3BFF90062733E /* Models */ = {
			isa = PBXGroup;
			children = (
				20743F4727E3BFF90062733E /* Tweet.swift */,
				20AF743927E4E443007808BD /* PaginationResult.swift */,
				20AF744627E5F058007808BD /* User.swift */,
			);
			path = Models;
			sourceTree = "<group>";
		};
		20743F4827E3BFF90062733E /* Errors */ = {
			isa = PBXGroup;
			children = (
				20743F4927E3BFF90062733E /* BETVICTORError.swift */,
				20743F4A27E3BFF90062733E /* CommonError.swift */,
			);
			path = Errors;
			sourceTree = "<group>";
		};
		20743F4B27E3BFF90062733E /* UseCases */ = {
			isa = PBXGroup;
			children = (
				20743F4C27E3BFF90062733E /* UseCaseType.swift */,
				20743F4D27E3BFF90062733E /* UseCaseProvider.swift */,
				20743F4E27E3BFF90062733E /* UseCase.swift */,
			);
			path = UseCases;
			sourceTree = "<group>";
		};
		20743F4F27E3BFF90062733E /* Utility */ = {
			isa = PBXGroup;
			children = (
				20AF742427E4E100007808BD /* EmptyView */,
				20AF742727E4E100007808BD /* ErrorView */,
				20AF742A27E4E100007808BD /* PaginatedTableView */,
				20743F5027E3BFF90062733E /* BaseClasses */,
				20743F5427E3BFF90062733E /* NavigatorProvider.swift */,
				20743F5527E3BFF90062733E /* Reusable.swift */,
				20743F5627E3BFF90062733E /* Extensions */,
			);
			path = Utility;
			sourceTree = "<group>";
		};
		20743F5027E3BFF90062733E /* BaseClasses */ = {
			isa = PBXGroup;
			children = (
				20AF743B27E4E507007808BD /* BasePresenter.swift */,
				20AF743D27E5C658007808BD /* BaseViewController.swift */,
			);
			path = BaseClasses;
			sourceTree = "<group>";
		};
		20743F5627E3BFF90062733E /* Extensions */ = {
			isa = PBXGroup;
			children = (
				20743F5727E3BFF90062733E /* String+Extension.swift */,
				20743F5827E3BFF90062733E /* ViewController+Extension.swift */,
			);
			path = Extensions;
			sourceTree = "<group>";
		};
		20743F5A27E3BFF90062733E /* Network */ = {
			isa = PBXGroup;
			children = (
				20743F5B27E3BFF90062733E /* Repository */,
				20743F5E27E3BFF90062733E /* Network */,
				20743F6127E3BFF90062733E /* API */,
				20743F6427E3BFF90062733E /* UseCases */,
			);
			path = Network;
			sourceTree = "<group>";
		};
		20743F5B27E3BFF90062733E /* Repository */ = {
			isa = PBXGroup;
			children = (
				20743F5C27E3BFF90062733E /* RepositoryProvider.swift */,
				20743F5D27E3BFF90062733E /* RepositoryImp.swift */,
			);
			path = Repository;
			sourceTree = "<group>";
		};
		20743F5E27E3BFF90062733E /* Network */ = {
			isa = PBXGroup;
			children = (
				20743F5F27E3BFF90062733E /* Network.swift */,
				20743F6027E3BFF90062733E /* NetworkProvider.swift */,
			);
			path = Network;
			sourceTree = "<group>";
		};
		20743F6127E3BFF90062733E /* API */ = {
			isa = PBXGroup;
			children = (
				20743F6227E3BFF90062733E /* NetworkImp.swift */,
				20743F6327E3BFF90062733E /* UseCaseNetworkType.swift */,
				20AF744427E5EC0C007808BD /* GetTweetsParams.swift */,
			);
			path = API;
			sourceTree = "<group>";
		};
		20743F6427E3BFF90062733E /* UseCases */ = {
			isa = PBXGroup;
			children = (
				20743F6527E3BFF90062733E /* UseCaseImp.swift */,
				20743F6627E3BFF90062733E /* NetworkUseCaseProvider.swift */,
			);
			path = UseCases;
			sourceTree = "<group>";
		};
		20743F6727E3BFF90062733E /* Application */ = {
			isa = PBXGroup;
			children = (
				20743F6827E3BFF90062733E /* Application.swift */,
			);
			path = Application;
			sourceTree = "<group>";
		};
		20AF742427E4E100007808BD /* EmptyView */ = {
			isa = PBXGroup;
			children = (
				20AF742527E4E100007808BD /* EmptyView.swift */,
				20AF742627E4E100007808BD /* EmptyViewModel.swift */,
			);
			path = EmptyView;
			sourceTree = "<group>";
		};
		20AF742727E4E100007808BD /* ErrorView */ = {
			isa = PBXGroup;
			children = (
				20AF742827E4E100007808BD /* ErrorViewModel.swift */,
				20AF742927E4E100007808BD /* ErrorView.swift */,
			);
			path = ErrorView;
			sourceTree = "<group>";
		};
		20AF742A27E4E100007808BD /* PaginatedTableView */ = {
			isa = PBXGroup;
			children = (
				20AF742B27E4E100007808BD /* BasePaginationPresenter.swift */,
				20AF742C27E4E100007808BD /* BaseViewModel.swift */,
				20AF742D27E4E100007808BD /* BasePaginationTableViewCell.swift */,
				20AF742E27E4E100007808BD /* BasePaginationViewController.swift */,
				20AF742F27E4E100007808BD /* BaseNavigator.swift */,
			);
			path = PaginatedTableView;
			sourceTree = "<group>";
		};
		4AF9BADC289FED20394D5C85 /* Frameworks */ = {
			isa = PBXGroup;
			children = (
				1C1957B577F199848616A811 /* Pods_BETVICTORTech.framework */,
				A443529C64DF2EC2A85E1C33 /* Pods_BETVICTORTech_BETVICTORTechUITests.framework */,
				A87A98A856C80EA2C8662238 /* Pods_BETVICTORTechTests.framework */,
			);
			name = Frameworks;
			sourceTree = "<group>";
		};
		D71B4E4B5449F812086435C4 /* Pods */ = {
			isa = PBXGroup;
			children = (
				27DE47CBCBF29B45D01A0CB3 /* Pods-BETVICTORTech.debug.xcconfig */,
				38AB8237E076F5A45D936232 /* Pods-BETVICTORTech.release.xcconfig */,
				70DE0CA548DB7802A4CFE479 /* Pods-BETVICTORTech-BETVICTORTechUITests.debug.xcconfig */,
				8C31EE69AC6502116B8AECF2 /* Pods-BETVICTORTech-BETVICTORTechUITests.release.xcconfig */,
				AAC5BADC23AE19F2BC4D5733 /* Pods-BETVICTORTechTests.debug.xcconfig */,
				10D6EC0C786DA606C5E09075 /* Pods-BETVICTORTechTests.release.xcconfig */,
			);
			path = Pods;
			sourceTree = "<group>";
		};
/* End PBXGroup section */

/* Begin PBXNativeTarget section */
		20743EFA27E3BF810062733E /* BETVICTORTech */ = {
			isa = PBXNativeTarget;
			buildConfigurationList = 20743F2527E3BF830062733E /* Build configuration list for PBXNativeTarget "BETVICTORTech" */;
			buildPhases = (
				033EEAF5F75AD2D23ABD52B1 /* [CP] Check Pods Manifest.lock */,
				20743EF727E3BF810062733E /* Sources */,
				20743EF827E3BF810062733E /* Frameworks */,
				20743EF927E3BF810062733E /* Resources */,
				A5A159662EEB35658791D946 /* [CP] Embed Pods Frameworks */,
			);
			buildRules = (
			);
			dependencies = (
			);
			name = BETVICTORTech;
			productName = BETVICTORTech;
			productReference = 20743EFB27E3BF810062733E /* BETVICTORTech.app */;
			productType = "com.apple.product-type.application";
		};
		20743F1027E3BF830062733E /* BETVICTORTechTests */ = {
			isa = PBXNativeTarget;
			buildConfigurationList = 20743F2827E3BF830062733E /* Build configuration list for PBXNativeTarget "BETVICTORTechTests" */;
			buildPhases = (
				9D0973DDD54E478E90EDE21F /* [CP] Check Pods Manifest.lock */,
				20743F0D27E3BF830062733E /* Sources */,
				20743F0E27E3BF830062733E /* Frameworks */,
				20743F0F27E3BF830062733E /* Resources */,
			);
			buildRules = (
			);
			dependencies = (
				20743F1327E3BF830062733E /* PBXTargetDependency */,
			);
			name = BETVICTORTechTests;
			productName = BETVICTORTechTests;
			productReference = 20743F1127E3BF830062733E /* BETVICTORTechTests.xctest */;
			productType = "com.apple.product-type.bundle.unit-test";
		};
		20743F1A27E3BF830062733E /* BETVICTORTechUITests */ = {
			isa = PBXNativeTarget;
			buildConfigurationList = 20743F2B27E3BF830062733E /* Build configuration list for PBXNativeTarget "BETVICTORTechUITests" */;
			buildPhases = (
				14D60A331F764572EA1371E7 /* [CP] Check Pods Manifest.lock */,
				20743F1727E3BF830062733E /* Sources */,
				20743F1827E3BF830062733E /* Frameworks */,
				20743F1927E3BF830062733E /* Resources */,
				D5A9B8746AAE63F57BF4DD78 /* [CP] Embed Pods Frameworks */,
			);
			buildRules = (
			);
			dependencies = (
				20743F1D27E3BF830062733E /* PBXTargetDependency */,
			);
			name = BETVICTORTechUITests;
			productName = BETVICTORTechUITests;
			productReference = 20743F1B27E3BF830062733E /* BETVICTORTechUITests.xctest */;
			productType = "com.apple.product-type.bundle.ui-testing";
		};
/* End PBXNativeTarget section */

/* Begin PBXProject section */
		20743EF327E3BF810062733E /* Project object */ = {
			isa = PBXProject;
			attributes = {
				BuildIndependentTargetsInParallel = 1;
				LastSwiftUpdateCheck = 1320;
				LastUpgradeCheck = 1320;
				TargetAttributes = {
					20743EFA27E3BF810062733E = {
						CreatedOnToolsVersion = 13.2.1;
					};
					20743F1027E3BF830062733E = {
						CreatedOnToolsVersion = 13.2.1;
						TestTargetID = 20743EFA27E3BF810062733E;
					};
					20743F1A27E3BF830062733E = {
						CreatedOnToolsVersion = 13.2.1;
						TestTargetID = 20743EFA27E3BF810062733E;
					};
				};
			};
			buildConfigurationList = 20743EF627E3BF810062733E /* Build configuration list for PBXProject "BETVICTORTech" */;
			compatibilityVersion = "Xcode 13.0";
			developmentRegion = en;
			hasScannedForEncodings = 0;
			knownRegions = (
				en,
				Base,
			);
			mainGroup = 20743EF227E3BF810062733E;
			productRefGroup = 20743EFC27E3BF810062733E /* Products */;
			projectDirPath = "";
			projectRoot = "";
			targets = (
				20743EFA27E3BF810062733E /* BETVICTORTech */,
				20743F1027E3BF830062733E /* BETVICTORTechTests */,
				20743F1A27E3BF830062733E /* BETVICTORTechUITests */,
			);
		};
/* End PBXProject section */

/* Begin PBXResourcesBuildPhase section */
		20743EF927E3BF810062733E /* Resources */ = {
			isa = PBXResourcesBuildPhase;
			buildActionMask = 2147483647;
			files = (
				20743F7427E3BFF90062733E /* Tweets.storyboard in Resources */,
				20743F6F27E3BFF90062733E /* Main.storyboard in Resources */,
				20743F7727E3BFF90062733E /* BETVICTORAssets.xcassets in Resources */,
			);
			runOnlyForDeploymentPostprocessing = 0;
		};
		20743F0F27E3BF830062733E /* Resources */ = {
			isa = PBXResourcesBuildPhase;
			buildActionMask = 2147483647;
			files = (
			);
			runOnlyForDeploymentPostprocessing = 0;
		};
		20743F1927E3BF830062733E /* Resources */ = {
			isa = PBXResourcesBuildPhase;
			buildActionMask = 2147483647;
			files = (
			);
			runOnlyForDeploymentPostprocessing = 0;
		};
/* End PBXResourcesBuildPhase section */

/* Begin PBXShellScriptBuildPhase section */
		033EEAF5F75AD2D23ABD52B1 /* [CP] Check Pods Manifest.lock */ = {
			isa = PBXShellScriptBuildPhase;
			buildActionMask = 2147483647;
			files = (
			);
			inputFileListPaths = (
			);
			inputPaths = (
				"${PODS_PODFILE_DIR_PATH}/Podfile.lock",
				"${PODS_ROOT}/Manifest.lock",
			);
			name = "[CP] Check Pods Manifest.lock";
			outputFileListPaths = (
			);
			outputPaths = (
				"$(DERIVED_FILE_DIR)/Pods-BETVICTORTech-checkManifestLockResult.txt",
			);
			runOnlyForDeploymentPostprocessing = 0;
			shellPath = /bin/sh;
			shellScript = "diff \"${PODS_PODFILE_DIR_PATH}/Podfile.lock\" \"${PODS_ROOT}/Manifest.lock\" > /dev/null\nif [ $? != 0 ] ; then\n    # print error to STDERR\n    echo \"error: The sandbox is not in sync with the Podfile.lock. Run 'pod install' or update your CocoaPods installation.\" >&2\n    exit 1\nfi\n# This output is used by Xcode 'outputs' to avoid re-running this script phase.\necho \"SUCCESS\" > \"${SCRIPT_OUTPUT_FILE_0}\"\n";
			showEnvVarsInLog = 0;
		};
		14D60A331F764572EA1371E7 /* [CP] Check Pods Manifest.lock */ = {
			isa = PBXShellScriptBuildPhase;
			buildActionMask = 2147483647;
			files = (
			);
			inputFileListPaths = (
			);
			inputPaths = (
				"${PODS_PODFILE_DIR_PATH}/Podfile.lock",
				"${PODS_ROOT}/Manifest.lock",
			);
			name = "[CP] Check Pods Manifest.lock";
			outputFileListPaths = (
			);
			outputPaths = (
				"$(DERIVED_FILE_DIR)/Pods-BETVICTORTech-BETVICTORTechUITests-checkManifestLockResult.txt",
			);
			runOnlyForDeploymentPostprocessing = 0;
			shellPath = /bin/sh;
			shellScript = "diff \"${PODS_PODFILE_DIR_PATH}/Podfile.lock\" \"${PODS_ROOT}/Manifest.lock\" > /dev/null\nif [ $? != 0 ] ; then\n    # print error to STDERR\n    echo \"error: The sandbox is not in sync with the Podfile.lock. Run 'pod install' or update your CocoaPods installation.\" >&2\n    exit 1\nfi\n# This output is used by Xcode 'outputs' to avoid re-running this script phase.\necho \"SUCCESS\" > \"${SCRIPT_OUTPUT_FILE_0}\"\n";
			showEnvVarsInLog = 0;
		};
		9D0973DDD54E478E90EDE21F /* [CP] Check Pods Manifest.lock */ = {
			isa = PBXShellScriptBuildPhase;
			buildActionMask = 2147483647;
			files = (
			);
			inputFileListPaths = (
			);
			inputPaths = (
				"${PODS_PODFILE_DIR_PATH}/Podfile.lock",
				"${PODS_ROOT}/Manifest.lock",
			);
			name = "[CP] Check Pods Manifest.lock";
			outputFileListPaths = (
			);
			outputPaths = (
				"$(DERIVED_FILE_DIR)/Pods-BETVICTORTechTests-checkManifestLockResult.txt",
			);
			runOnlyForDeploymentPostprocessing = 0;
			shellPath = /bin/sh;
			shellScript = "diff \"${PODS_PODFILE_DIR_PATH}/Podfile.lock\" \"${PODS_ROOT}/Manifest.lock\" > /dev/null\nif [ $? != 0 ] ; then\n    # print error to STDERR\n    echo \"error: The sandbox is not in sync with the Podfile.lock. Run 'pod install' or update your CocoaPods installation.\" >&2\n    exit 1\nfi\n# This output is used by Xcode 'outputs' to avoid re-running this script phase.\necho \"SUCCESS\" > \"${SCRIPT_OUTPUT_FILE_0}\"\n";
			showEnvVarsInLog = 0;
		};
		A5A159662EEB35658791D946 /* [CP] Embed Pods Frameworks */ = {
			isa = PBXShellScriptBuildPhase;
			buildActionMask = 2147483647;
			files = (
			);
			inputFileListPaths = (
				"${PODS_ROOT}/Target Support Files/Pods-BETVICTORTech/Pods-BETVICTORTech-frameworks-${CONFIGURATION}-input-files.xcfilelist",
			);
			name = "[CP] Embed Pods Frameworks";
			outputFileListPaths = (
				"${PODS_ROOT}/Target Support Files/Pods-BETVICTORTech/Pods-BETVICTORTech-frameworks-${CONFIGURATION}-output-files.xcfilelist",
			);
			runOnlyForDeploymentPostprocessing = 0;
			shellPath = /bin/sh;
			shellScript = "\"${PODS_ROOT}/Target Support Files/Pods-BETVICTORTech/Pods-BETVICTORTech-frameworks.sh\"\n";
			showEnvVarsInLog = 0;
		};
		D5A9B8746AAE63F57BF4DD78 /* [CP] Embed Pods Frameworks */ = {
			isa = PBXShellScriptBuildPhase;
			buildActionMask = 2147483647;
			files = (
			);
			inputFileListPaths = (
				"${PODS_ROOT}/Target Support Files/Pods-BETVICTORTech-BETVICTORTechUITests/Pods-BETVICTORTech-BETVICTORTechUITests-frameworks-${CONFIGURATION}-input-files.xcfilelist",
			);
			name = "[CP] Embed Pods Frameworks";
			outputFileListPaths = (
				"${PODS_ROOT}/Target Support Files/Pods-BETVICTORTech-BETVICTORTechUITests/Pods-BETVICTORTech-BETVICTORTechUITests-frameworks-${CONFIGURATION}-output-files.xcfilelist",
			);
			runOnlyForDeploymentPostprocessing = 0;
			shellPath = /bin/sh;
			shellScript = "\"${PODS_ROOT}/Target Support Files/Pods-BETVICTORTech-BETVICTORTechUITests/Pods-BETVICTORTech-BETVICTORTechUITests-frameworks.sh\"\n";
			showEnvVarsInLog = 0;
		};
/* End PBXShellScriptBuildPhase section */

/* Begin PBXSourcesBuildPhase section */
		20743EF727E3BF810062733E /* Sources */ = {
			isa = PBXSourcesBuildPhase;
			buildActionMask = 2147483647;
			files = (
				20743F7627E3BFF90062733E /* TweetViewModel.swift in Sources */,
				20AF743C27E4E507007808BD /* BasePresenter.swift in Sources */,
				20AF744527E5EC0C007808BD /* GetTweetsParams.swift in Sources */,
				20AF743A27E4E443007808BD /* PaginationResult.swift in Sources */,
				20743F8B27E3BFF90062733E /* NetworkImp.swift in Sources */,
				20743F7827E3BFF90062733E /* Repository.swift in Sources */,
				20AF743827E4E100007808BD /* BaseNavigator.swift in Sources */,
				20743F7F27E3BFF90062733E /* UseCase.swift in Sources */,
				20743F8827E3BFF90062733E /* RepositoryImp.swift in Sources */,
				20743F8527E3BFF90062733E /* String+Extension.swift in Sources */,
				20743F7A27E3BFF90062733E /* Tweet.swift in Sources */,
				20AF743227E4E100007808BD /* ErrorViewModel.swift in Sources */,
				20743F8627E3BFF90062733E /* ViewController+Extension.swift in Sources */,
				20743F7527E3BFF90062733E /* Navigator.swift in Sources */,
				20AF743E27E5C658007808BD /* BaseViewController.swift in Sources */,
				20743F8427E3BFF90062733E /* Reusable.swift in Sources */,
				20743EFF27E3BF820062733E /* AppDelegate.swift in Sources */,
				20743F8D27E3BFF90062733E /* UseCaseImp.swift in Sources */,
				20743F8927E3BFF90062733E /* Network.swift in Sources */,
				20AF743127E4E100007808BD /* EmptyViewModel.swift in Sources */,
				20AF744727E5F058007808BD /* User.swift in Sources */,
				20743F8C27E3BFF90062733E /* UseCaseNetworkType.swift in Sources */,
				20743F8F27E3BFF90062733E /* Application.swift in Sources */,
				20743F7227E3BFF90062733E /* TweetListPresenter.swift in Sources */,
				20743F7E27E3BFF90062733E /* UseCaseProvider.swift in Sources */,
				20AF743027E4E100007808BD /* EmptyView.swift in Sources */,
				20743F7127E3BFF90062733E /* TweetListTableViewCell.swift in Sources */,
				20743F7C27E3BFF90062733E /* CommonError.swift in Sources */,
				20AF743327E4E100007808BD /* ErrorView.swift in Sources */,
				20743F7D27E3BFF90062733E /* UseCaseType.swift in Sources */,
				20AF743527E4E100007808BD /* BaseViewModel.swift in Sources */,
				20743F6E27E3BFF90062733E /* SplashViewController.swift in Sources */,
				20743F8327E3BFF90062733E /* NavigatorProvider.swift in Sources */,
				20AF743627E4E100007808BD /* BasePaginationTableViewCell.swift in Sources */,
				20AF743727E4E100007808BD /* BasePaginationViewController.swift in Sources */,
				20743F8727E3BFF90062733E /* RepositoryProvider.swift in Sources */,
				20743F8A27E3BFF90062733E /* NetworkProvider.swift in Sources */,
				20743F7327E3BFF90062733E /* TweetListViewController.swift in Sources */,
				20743F7027E3BFF90062733E /* SplashPresenter.swift in Sources */,
				20AF743427E4E100007808BD /* BasePaginationPresenter.swift in Sources */,
				20743F7B27E3BFF90062733E /* BETVICTORError.swift in Sources */,
				20743F8E27E3BFF90062733E /* NetworkUseCaseProvider.swift in Sources */,
			);
			runOnlyForDeploymentPostprocessing = 0;
		};
		20743F0D27E3BF830062733E /* Sources */ = {
			isa = PBXSourcesBuildPhase;
			buildActionMask = 2147483647;
			files = (
				20743F1627E3BF830062733E /* BETVICTORTechTests.swift in Sources */,
			);
			runOnlyForDeploymentPostprocessing = 0;
		};
		20743F1727E3BF830062733E /* Sources */ = {
			isa = PBXSourcesBuildPhase;
			buildActionMask = 2147483647;
			files = (
				20743F2027E3BF830062733E /* BETVICTORTechUITests.swift in Sources */,
				20743F2227E3BF830062733E /* BETVICTORTechUITestsLaunchTests.swift in Sources */,
			);
			runOnlyForDeploymentPostprocessing = 0;
		};
/* End PBXSourcesBuildPhase section */

/* Begin PBXTargetDependency section */
		20743F1327E3BF830062733E /* PBXTargetDependency */ = {
			isa = PBXTargetDependency;
			target = 20743EFA27E3BF810062733E /* BETVICTORTech */;
			targetProxy = 20743F1227E3BF830062733E /* PBXContainerItemProxy */;
		};
		20743F1D27E3BF830062733E /* PBXTargetDependency */ = {
			isa = PBXTargetDependency;
			target = 20743EFA27E3BF810062733E /* BETVICTORTech */;
			targetProxy = 20743F1C27E3BF830062733E /* PBXContainerItemProxy */;
		};
/* End PBXTargetDependency section */

/* Begin XCBuildConfiguration section */
		20743F2327E3BF830062733E /* Debug */ = {
			isa = XCBuildConfiguration;
			buildSettings = {
				ALWAYS_SEARCH_USER_PATHS = NO;
				CLANG_ANALYZER_NONNULL = YES;
				CLANG_ANALYZER_NUMBER_OBJECT_CONVERSION = YES_AGGRESSIVE;
				CLANG_CXX_LANGUAGE_STANDARD = "gnu++17";
				CLANG_CXX_LIBRARY = "libc++";
				CLANG_ENABLE_MODULES = YES;
				CLANG_ENABLE_OBJC_ARC = YES;
				CLANG_ENABLE_OBJC_WEAK = YES;
				CLANG_WARN_BLOCK_CAPTURE_AUTORELEASING = YES;
				CLANG_WARN_BOOL_CONVERSION = YES;
				CLANG_WARN_COMMA = YES;
				CLANG_WARN_CONSTANT_CONVERSION = YES;
				CLANG_WARN_DEPRECATED_OBJC_IMPLEMENTATIONS = YES;
				CLANG_WARN_DIRECT_OBJC_ISA_USAGE = YES_ERROR;
				CLANG_WARN_DOCUMENTATION_COMMENTS = YES;
				CLANG_WARN_EMPTY_BODY = YES;
				CLANG_WARN_ENUM_CONVERSION = YES;
				CLANG_WARN_INFINITE_RECURSION = YES;
				CLANG_WARN_INT_CONVERSION = YES;
				CLANG_WARN_NON_LITERAL_NULL_CONVERSION = YES;
				CLANG_WARN_OBJC_IMPLICIT_RETAIN_SELF = YES;
				CLANG_WARN_OBJC_LITERAL_CONVERSION = YES;
				CLANG_WARN_OBJC_ROOT_CLASS = YES_ERROR;
				CLANG_WARN_QUOTED_INCLUDE_IN_FRAMEWORK_HEADER = YES;
				CLANG_WARN_RANGE_LOOP_ANALYSIS = YES;
				CLANG_WARN_STRICT_PROTOTYPES = YES;
				CLANG_WARN_SUSPICIOUS_MOVE = YES;
				CLANG_WARN_UNGUARDED_AVAILABILITY = YES_AGGRESSIVE;
				CLANG_WARN_UNREACHABLE_CODE = YES;
				CLANG_WARN__DUPLICATE_METHOD_MATCH = YES;
				COPY_PHASE_STRIP = NO;
				DEBUG_INFORMATION_FORMAT = dwarf;
				ENABLE_STRICT_OBJC_MSGSEND = YES;
				ENABLE_TESTABILITY = YES;
				GCC_C_LANGUAGE_STANDARD = gnu11;
				GCC_DYNAMIC_NO_PIC = NO;
				GCC_NO_COMMON_BLOCKS = YES;
				GCC_OPTIMIZATION_LEVEL = 0;
				GCC_PREPROCESSOR_DEFINITIONS = (
					"DEBUG=1",
					"$(inherited)",
				);
				GCC_WARN_64_TO_32_BIT_CONVERSION = YES;
				GCC_WARN_ABOUT_RETURN_TYPE = YES_ERROR;
				GCC_WARN_UNDECLARED_SELECTOR = YES;
				GCC_WARN_UNINITIALIZED_AUTOS = YES_AGGRESSIVE;
				GCC_WARN_UNUSED_FUNCTION = YES;
				GCC_WARN_UNUSED_VARIABLE = YES;
				IPHONEOS_DEPLOYMENT_TARGET = 15.2;
				MTL_ENABLE_DEBUG_INFO = INCLUDE_SOURCE;
				MTL_FAST_MATH = YES;
				ONLY_ACTIVE_ARCH = YES;
				SDKROOT = iphoneos;
				SWIFT_ACTIVE_COMPILATION_CONDITIONS = DEBUG;
				SWIFT_OPTIMIZATION_LEVEL = "-Onone";
			};
			name = Debug;
		};
		20743F2427E3BF830062733E /* Release */ = {
			isa = XCBuildConfiguration;
			buildSettings = {
				ALWAYS_SEARCH_USER_PATHS = NO;
				CLANG_ANALYZER_NONNULL = YES;
				CLANG_ANALYZER_NUMBER_OBJECT_CONVERSION = YES_AGGRESSIVE;
				CLANG_CXX_LANGUAGE_STANDARD = "gnu++17";
				CLANG_CXX_LIBRARY = "libc++";
				CLANG_ENABLE_MODULES = YES;
				CLANG_ENABLE_OBJC_ARC = YES;
				CLANG_ENABLE_OBJC_WEAK = YES;
				CLANG_WARN_BLOCK_CAPTURE_AUTORELEASING = YES;
				CLANG_WARN_BOOL_CONVERSION = YES;
				CLANG_WARN_COMMA = YES;
				CLANG_WARN_CONSTANT_CONVERSION = YES;
				CLANG_WARN_DEPRECATED_OBJC_IMPLEMENTATIONS = YES;
				CLANG_WARN_DIRECT_OBJC_ISA_USAGE = YES_ERROR;
				CLANG_WARN_DOCUMENTATION_COMMENTS = YES;
				CLANG_WARN_EMPTY_BODY = YES;
				CLANG_WARN_ENUM_CONVERSION = YES;
				CLANG_WARN_INFINITE_RECURSION = YES;
				CLANG_WARN_INT_CONVERSION = YES;
				CLANG_WARN_NON_LITERAL_NULL_CONVERSION = YES;
				CLANG_WARN_OBJC_IMPLICIT_RETAIN_SELF = YES;
				CLANG_WARN_OBJC_LITERAL_CONVERSION = YES;
				CLANG_WARN_OBJC_ROOT_CLASS = YES_ERROR;
				CLANG_WARN_QUOTED_INCLUDE_IN_FRAMEWORK_HEADER = YES;
				CLANG_WARN_RANGE_LOOP_ANALYSIS = YES;
				CLANG_WARN_STRICT_PROTOTYPES = YES;
				CLANG_WARN_SUSPICIOUS_MOVE = YES;
				CLANG_WARN_UNGUARDED_AVAILABILITY = YES_AGGRESSIVE;
				CLANG_WARN_UNREACHABLE_CODE = YES;
				CLANG_WARN__DUPLICATE_METHOD_MATCH = YES;
				COPY_PHASE_STRIP = NO;
				DEBUG_INFORMATION_FORMAT = "dwarf-with-dsym";
				ENABLE_NS_ASSERTIONS = NO;
				ENABLE_STRICT_OBJC_MSGSEND = YES;
				GCC_C_LANGUAGE_STANDARD = gnu11;
				GCC_NO_COMMON_BLOCKS = YES;
				GCC_WARN_64_TO_32_BIT_CONVERSION = YES;
				GCC_WARN_ABOUT_RETURN_TYPE = YES_ERROR;
				GCC_WARN_UNDECLARED_SELECTOR = YES;
				GCC_WARN_UNINITIALIZED_AUTOS = YES_AGGRESSIVE;
				GCC_WARN_UNUSED_FUNCTION = YES;
				GCC_WARN_UNUSED_VARIABLE = YES;
				IPHONEOS_DEPLOYMENT_TARGET = 15.2;
				MTL_ENABLE_DEBUG_INFO = NO;
				MTL_FAST_MATH = YES;
				SDKROOT = iphoneos;
				SWIFT_COMPILATION_MODE = wholemodule;
				SWIFT_OPTIMIZATION_LEVEL = "-O";
				VALIDATE_PRODUCT = YES;
			};
			name = Release;
		};
		20743F2627E3BF830062733E /* Debug */ = {
			isa = XCBuildConfiguration;
			baseConfigurationReference = 27DE47CBCBF29B45D01A0CB3 /* Pods-BETVICTORTech.debug.xcconfig */;
			buildSettings = {
				ASSETCATALOG_COMPILER_APPICON_NAME = AppIcon;
				ASSETCATALOG_COMPILER_GLOBAL_ACCENT_COLOR_NAME = AccentColor;
				CODE_SIGN_STYLE = Automatic;
				CURRENT_PROJECT_VERSION = 1;
				GENERATE_INFOPLIST_FILE = YES;
				INFOPLIST_FILE = BETVICTORTech/Info.plist;
				INFOPLIST_KEY_UIApplicationSupportsIndirectInputEvents = YES;
				INFOPLIST_KEY_UILaunchStoryboardName = Main;
				INFOPLIST_KEY_UIMainStoryboardFile = Main;
				INFOPLIST_KEY_UISupportedInterfaceOrientations_iPad = "UIInterfaceOrientationPortrait UIInterfaceOrientationPortraitUpsideDown UIInterfaceOrientationLandscapeLeft UIInterfaceOrientationLandscapeRight";
				INFOPLIST_KEY_UISupportedInterfaceOrientations_iPhone = "UIInterfaceOrientationPortrait UIInterfaceOrientationLandscapeLeft UIInterfaceOrientationLandscapeRight";
				LD_RUNPATH_SEARCH_PATHS = (
					"$(inherited)",
					"@executable_path/Frameworks",
				);
				MARKETING_VERSION = 1.0;
				PRODUCT_BUNDLE_IDENTIFIER = sergiocastillo.BETVICTORTech;
				PRODUCT_NAME = "$(TARGET_NAME)";
				SWIFT_EMIT_LOC_STRINGS = YES;
				SWIFT_VERSION = 5.0;
				TARGETED_DEVICE_FAMILY = "1,2";
			};
			name = Debug;
		};
		20743F2727E3BF830062733E /* Release */ = {
			isa = XCBuildConfiguration;
			baseConfigurationReference = 38AB8237E076F5A45D936232 /* Pods-BETVICTORTech.release.xcconfig */;
			buildSettings = {
				ASSETCATALOG_COMPILER_APPICON_NAME = AppIcon;
				ASSETCATALOG_COMPILER_GLOBAL_ACCENT_COLOR_NAME = AccentColor;
				CODE_SIGN_STYLE = Automatic;
				CURRENT_PROJECT_VERSION = 1;
				GENERATE_INFOPLIST_FILE = YES;
				INFOPLIST_FILE = BETVICTORTech/Info.plist;
				INFOPLIST_KEY_UIApplicationSupportsIndirectInputEvents = YES;
				INFOPLIST_KEY_UILaunchStoryboardName = Main;
				INFOPLIST_KEY_UIMainStoryboardFile = Main;
				INFOPLIST_KEY_UISupportedInterfaceOrientations_iPad = "UIInterfaceOrientationPortrait UIInterfaceOrientationPortraitUpsideDown UIInterfaceOrientationLandscapeLeft UIInterfaceOrientationLandscapeRight";
				INFOPLIST_KEY_UISupportedInterfaceOrientations_iPhone = "UIInterfaceOrientationPortrait UIInterfaceOrientationLandscapeLeft UIInterfaceOrientationLandscapeRight";
				LD_RUNPATH_SEARCH_PATHS = (
					"$(inherited)",
					"@executable_path/Frameworks",
				);
				MARKETING_VERSION = 1.0;
				PRODUCT_BUNDLE_IDENTIFIER = sergiocastillo.BETVICTORTech;
				PRODUCT_NAME = "$(TARGET_NAME)";
				SWIFT_EMIT_LOC_STRINGS = YES;
				SWIFT_VERSION = 5.0;
				TARGETED_DEVICE_FAMILY = "1,2";
			};
			name = Release;
		};
		20743F2927E3BF830062733E /* Debug */ = {
			isa = XCBuildConfiguration;
			baseConfigurationReference = AAC5BADC23AE19F2BC4D5733 /* Pods-BETVICTORTechTests.debug.xcconfig */;
			buildSettings = {
				ALWAYS_EMBED_SWIFT_STANDARD_LIBRARIES = YES;
				BUNDLE_LOADER = "$(TEST_HOST)";
				CODE_SIGN_STYLE = Automatic;
				CURRENT_PROJECT_VERSION = 1;
				GENERATE_INFOPLIST_FILE = YES;
				IPHONEOS_DEPLOYMENT_TARGET = 15.2;
				MARKETING_VERSION = 1.0;
				PRODUCT_BUNDLE_IDENTIFIER = sergiocastillo.BETVICTORTechTests;
				PRODUCT_NAME = "$(TARGET_NAME)";
				SWIFT_EMIT_LOC_STRINGS = NO;
				SWIFT_VERSION = 5.0;
				TARGETED_DEVICE_FAMILY = "1,2";
				TEST_HOST = "$(BUILT_PRODUCTS_DIR)/BETVICTORTech.app/BETVICTORTech";
			};
			name = Debug;
		};
		20743F2A27E3BF830062733E /* Release */ = {
			isa = XCBuildConfiguration;
			baseConfigurationReference = 10D6EC0C786DA606C5E09075 /* Pods-BETVICTORTechTests.release.xcconfig */;
			buildSettings = {
				ALWAYS_EMBED_SWIFT_STANDARD_LIBRARIES = YES;
				BUNDLE_LOADER = "$(TEST_HOST)";
				CODE_SIGN_STYLE = Automatic;
				CURRENT_PROJECT_VERSION = 1;
				GENERATE_INFOPLIST_FILE = YES;
				IPHONEOS_DEPLOYMENT_TARGET = 15.2;
				MARKETING_VERSION = 1.0;
				PRODUCT_BUNDLE_IDENTIFIER = sergiocastillo.BETVICTORTechTests;
				PRODUCT_NAME = "$(TARGET_NAME)";
				SWIFT_EMIT_LOC_STRINGS = NO;
				SWIFT_VERSION = 5.0;
				TARGETED_DEVICE_FAMILY = "1,2";
				TEST_HOST = "$(BUILT_PRODUCTS_DIR)/BETVICTORTech.app/BETVICTORTech";
			};
			name = Release;
		};
		20743F2C27E3BF830062733E /* Debug */ = {
			isa = XCBuildConfiguration;
			baseConfigurationReference = 70DE0CA548DB7802A4CFE479 /* Pods-BETVICTORTech-BETVICTORTechUITests.debug.xcconfig */;
			buildSettings = {
				ALWAYS_EMBED_SWIFT_STANDARD_LIBRARIES = YES;
				CODE_SIGN_STYLE = Automatic;
				CURRENT_PROJECT_VERSION = 1;
				GENERATE_INFOPLIST_FILE = YES;
				MARKETING_VERSION = 1.0;
				PRODUCT_BUNDLE_IDENTIFIER = sergiocastillo.BETVICTORTechUITests;
				PRODUCT_NAME = "$(TARGET_NAME)";
				SWIFT_EMIT_LOC_STRINGS = NO;
				SWIFT_VERSION = 5.0;
				TARGETED_DEVICE_FAMILY = "1,2";
				TEST_TARGET_NAME = BETVICTORTech;
			};
			name = Debug;
		};
		20743F2D27E3BF830062733E /* Release */ = {
			isa = XCBuildConfiguration;
			baseConfigurationReference = 8C31EE69AC6502116B8AECF2 /* Pods-BETVICTORTech-BETVICTORTechUITests.release.xcconfig */;
			buildSettings = {
				ALWAYS_EMBED_SWIFT_STANDARD_LIBRARIES = YES;
				CODE_SIGN_STYLE = Automatic;
				CURRENT_PROJECT_VERSION = 1;
				GENERATE_INFOPLIST_FILE = YES;
				MARKETING_VERSION = 1.0;
				PRODUCT_BUNDLE_IDENTIFIER = sergiocastillo.BETVICTORTechUITests;
				PRODUCT_NAME = "$(TARGET_NAME)";
				SWIFT_EMIT_LOC_STRINGS = NO;
				SWIFT_VERSION = 5.0;
				TARGETED_DEVICE_FAMILY = "1,2";
				TEST_TARGET_NAME = BETVICTORTech;
			};
			name = Release;
		};
/* End XCBuildConfiguration section */

/* Begin XCConfigurationList section */
		20743EF627E3BF810062733E /* Build configuration list for PBXProject "BETVICTORTech" */ = {
			isa = XCConfigurationList;
			buildConfigurations = (
				20743F2327E3BF830062733E /* Debug */,
				20743F2427E3BF830062733E /* Release */,
			);
			defaultConfigurationIsVisible = 0;
			defaultConfigurationName = Release;
		};
		20743F2527E3BF830062733E /* Build configuration list for PBXNativeTarget "BETVICTORTech" */ = {
			isa = XCConfigurationList;
			buildConfigurations = (
				20743F2627E3BF830062733E /* Debug */,
				20743F2727E3BF830062733E /* Release */,
			);
			defaultConfigurationIsVisible = 0;
			defaultConfigurationName = Release;
		};
		20743F2827E3BF830062733E /* Build configuration list for PBXNativeTarget "BETVICTORTechTests" */ = {
			isa = XCConfigurationList;
			buildConfigurations = (
				20743F2927E3BF830062733E /* Debug */,
				20743F2A27E3BF830062733E /* Release */,
			);
			defaultConfigurationIsVisible = 0;
			defaultConfigurationName = Release;
		};
		20743F2B27E3BF830062733E /* Build configuration list for PBXNativeTarget "BETVICTORTechUITests" */ = {
			isa = XCConfigurationList;
			buildConfigurations = (
				20743F2C27E3BF830062733E /* Debug */,
				20743F2D27E3BF830062733E /* Release */,
			);
			defaultConfigurationIsVisible = 0;
			defaultConfigurationName = Release;
		};
/* End XCConfigurationList section */
	};
	rootObject = 20743EF327E3BF810062733E /* Project object */;
}
